lockfileVersion: '9.0'

settings:
  autoInstallPeers: true
  excludeLinksFromLockfile: false

catalogs:
  default:
    '@biomejs/biome':
      specifier: 2.4.0
      version: 2.4.0
    '@types/node':
      specifier: 24.12.2
      version: 24.12.2
    prettier:
      specifier: 3.4.2
      version: 3.4.2
    typescript:
      specifier: 5.8.3
      version: 5.8.3

importers:

  .:
    devDependencies:
      '@biomejs/biome':
        specifier: 'catalog:'
        version: 2.4.0
      '@types/node':
        specifier: 'catalog:'
        version: 24.12.2
      '@unic/biome-config':
        specifier: workspace:*
        version: link:packages/biome-config
      '@unic/release-tools':
        specifier: workspace:*
        version: link:packages/release-tools
      '@unic/tsconfig':
        specifier: workspace:*
        version: link:packages/tsconfig
      prettier:
        specifier: 'catalog:'
        version: 3.4.2
      typescript:
        specifier: 'catalog:'
        version: 5.8.3

  apps/claude-code/auto-format:
    devDependencies:
      '@types/node':
        specifier: 'catalog:'
        version: 24.12.2
      '@unic/release-tools':
        specifier: workspace:*
        version: link:../../../packages/release-tools
      '@unic/tsconfig':
        specifier: workspace:*
        version: link:../../../packages/tsconfig
      typescript:
        specifier: 'catalog:'
        version: 5.8.3

  apps/claude-code/pr-review:
    devDependencies:
      '@unic/release-tools':
        specifier: workspace:*
        version: link:../../../packages/release-tools

  apps/claude-code/unic-archon-dlc:
    devDependencies:
      '@types/node':
        specifier: 'catalog:'
        version: 24.12.2
      '@unic/release-tools':
        specifier: workspace:*
        version: link:../../../packages/release-tools
      '@unic/tsconfig':
        specifier: workspace:*
        version: link:../../../packages/tsconfig
      typescript:
        specifier: 'catalog:'
        version: 5.8.3

  apps/claude-code/unic-confluence:
    dependencies:
      marked:
        specifier: 17.0.5
        version: 17.0.5
    devDependencies:
      '@types/node':
        specifier: 'catalog:'
        version: 24.12.2
      '@unic/release-tools':
        specifier: workspace:*
        version: link:../../../packages/release-tools
      '@unic/tsconfig':
        specifier: workspace:*
        version: link:../../../packages/tsconfig
      typescript:
        specifier: 'catalog:'
        version: 5.8.3

  apps/claude-code/unic-pr-review:
    devDependencies:
      '@types/node':
        specifier: 'catalog:'
        version: 24.12.2
      '@unic/release-tools':
        specifier: workspace:*
        version: link:../../../packages/release-tools
      '@unic/tsconfig':
        specifier: workspace:*
        version: link:../../../packages/tsconfig
      typescript:
        specifier: 'catalog:'
        version: 5.8.3

  apps/claude-code/unic-spec-review:
    devDependencies:
      '@types/node':
        specifier: 'catalog:'
        version: 24.12.2
      '@unic/release-tools':
        specifier: workspace:*
        version: link:../../../packages/release-tools
      '@unic/tsconfig':
        specifier: workspace:*
        version: link:../../../packages/tsconfig
      typescript:
        specifier: 'catalog:'
        version: 5.8.3

  apps/claude-code/unic-ticket-specification:
    devDependencies:
      '@unic/release-tools':
        specifier: workspace:*
        version: link:../../../packages/release-tools

  packages/biome-config: {}

  packages/release-tools:
    devDependencies:
      '@types/node':
        specifier: 'catalog:'
        version: 24.12.2
      typescript:
        specifier: 'catalog:'
        version: 5.8.3

  packages/tsconfig: {}

packages:

  '@biomejs/biome@2.4.0':
    resolution: {integrity: sha512-iluT61cORUDIC5i/y42ljyQraCemmmcgbMLLCnYO+yh+2hjTmcMFcwY8G0zTzWCsPb3t3AyKc+0t/VuhPZULUg==}
    engines: {node: '>=14.21.3'}
    hasBin: true

  '@biomejs/cli-darwin-arm64@2.4.0':
    resolution: {integrity: sha512-L+YpOtPSuU0etomfvFTPWRsa7+8ejaJL3yaROEoT/96HDJbR6OsvZQk0C8JUYou+XFdP+JcGxqZknkp4n934RA==}
    engines: {node: '>=14.21.3'}
    cpu: [arm64]
    os: [darwin]

  '@biomejs/cli-darwin-x64@2.4.0':
    resolution: {integrity: sha512-Aq+S7ffpb5ynTyLgtnEjG+W6xuTd2F7FdC7J6ShpvRhZwJhjzwITGF9vrqoOnw0sv1XWkt2Q1Rpg+hleg/Xg7Q==}
    engines: {node: '>=14.21.3'}
    cpu: [x64]
    os: [darwin]

  '@biomejs/cli-linux-arm64-musl@2.4.0':
    resolution: {integrity: sha512-1rhDUq8sf7xX3tg7vbnU3WVfanKCKi40OXc4VleBMzRStmQHdeBY46aFP6VdwEomcVjyNiu+Zcr3LZtAdrZrjQ==}
    engines: {node: '>=14.21.3'}
    cpu: [arm64]
    os: [linux]
    libc: [musl]

  '@biomejs/cli-linux-arm64@2.4.0':
    resolution: {integrity: sha512-u2p54IhvNAWB+h7+rxCZe3reNfQYFK+ppDw+q0yegrGclFYnDPZAntv/PqgUacpC3uxTeuWFgWW7RFe3lHuxOA==}
    engines: {node: '>=14.21.3'}
    cpu: [arm64]
    os: [linux]
    libc: [glibc]

  '@biomejs/cli-linux-x64-musl@2.4.0':
    resolution: {integrity: sha512-Omo0xhl63z47X+CrE5viEWKJhejJyndl577VoXg763U/aoATrK3r5+8DPh02GokWPeODX1Hek00OtjjooGan9w==}
    engines: {node: '>=14.21.3'}
    cpu: [x64]
    os: [linux]
    libc: [musl]

  '@biomejs/cli-linux-x64@2.4.0':
    resolution: {integrity: sha512-WVFOhsnzhrbMGOSIcB9yFdRV2oG2KkRRhIZiunI9gJqSU3ax9ErdnTxRfJUxZUI9NbzVxC60OCXNcu+mXfF/Tw==}
    engines: {node: '>=14.21.3'}
    cpu: [x64]
    os: [linux]
    libc: [glibc]

  '@biomejs/cli-win32-arm64@2.4.0':
    resolution: {integrity: sha512-aqRwW0LJLV1v1NzyLvLWQhdLmDSAV1vUh+OBdYJaa8f28XBn5BZavo+WTfqgEzALZxlNfBmu6NGO6Al3MbCULw==}
    engines: {node: '>=14.21.3'}
    cpu: [arm64]
    os: [win32]

  '@biomejs/cli-win32-x64@2.4.0':
    resolution: {integrity: sha512-g47s+V+OqsGxbSZN3lpav6WYOk0PIc3aCBAq+p6dwSynL3K5MA6Cg6nkzDOlu28GEHwbakW+BllzHCJCxnfK5Q==}
    engines: {node: '>=14.21.3'}
    cpu: [x64]
    os: [win32]

  '@types/node@24.12.2':
    resolution: {integrity: sha512-A1sre26ke7HDIuY/M23nd9gfB+nrmhtYyMINbjI1zHJxYteKR6qSMX56FsmjMcDb3SMcjJg5BiRRgOCC/yBD0g==}

  marked@17.0.5:
    resolution: {integrity: sha512-6hLvc0/JEbRjRgzI6wnT2P1XuM1/RrrDEX0kPt0N7jGm1133g6X7DlxFasUIx+72aKAr904GTxhSLDrd5DIlZg==}
    engines: {node: '>= 20'}
    hasBin: true

  prettier@3.4.2:
    resolution: {integrity: sha512-e9MewbtFo+Fevyuxn/4rrcDAaq0IYxPGLvObpQjiZBMAzB9IGmzlnG9RZy3FFas+eBMu2vA0CszMeduow5dIuQ==}
    engines: {node: '>=14'}
    hasBin: true

  typescript@5.8.3:
    resolution: {integrity: sha512-p1diW6TqL9L07nNxvRMM7hMMw4c5XOo/1ibL4aAIGmSAt9slTE1Xgw5KWuof2uTOvCg9BY7ZRi+GaF+7sfgPeQ==}
    engines: {node: '>=14.17'}
    hasBin: true

  undici-types@7.16.0:
    resolution: {integrity: sha512-Zz+aZWSj8LE6zoxD+xrjh4VfkIG8Ya6LvYkZqtUQGJPZjYl53ypCaUwWqo7eI0x66KBGeRo+mlBEkMSeSZ38Nw==}

snapshots:

  '@biomejs/biome@2.4.0':
    optionalDependencies:
      '@biomejs/cli-darwin-arm64': 2.4.0
      '@biomejs/cli-darwin-x64': 2.4.0
      '@biomejs/cli-linux-arm64': 2.4.0
      '@biomejs/cli-linux-arm64-musl': 2.4.0
      '@biomejs/cli-linux-x64': 2.4.0
      '@biomejs/cli-linux-x64-musl': 2.4.0
      '@biomejs/cli-win32-arm64': 2.4.0
      '@biomejs/cli-win32-x64': 2.4.0

  '@biomejs/cli-darwin-arm64@2.4.0':
    optional: true

  '@biomejs/cli-darwin-x64@2.4.0':
    optional: true

  '@biomejs/cli-linux-arm64-musl@2.4.0':
    optional: true

  '@biomejs/cli-linux-arm64@2.4.0':
    optional: true

  '@biomejs/cli-linux-x64-musl@2.4.0':
    optional: true

  '@biomejs/cli-linux-x64@2.4.0':
    optional: true

  '@biomejs/cli-win32-arm64@2.4.0':
    optional: true

  '@biomejs/cli-win32-x64@2.4.0':
    optional: true

  '@types/node@24.12.2':
    dependencies:
      undici-types: 7.16.0

  marked@17.0.5: {}

  prettier@3.4.2: {}

  typescript@5.8.3: {}

  undici-types@7.16.0: {}
